{
    "requires": true,
    "lockfileVersion": 1,
    "dependencies": {
        "JSONStream": {
            "version": "1.3.4",
            "resolved": "https://registry.npmjs.org/JSONStream/-/JSONStream-1.3.4.tgz",
            "integrity": "sha512-Y7vfi3I5oMOYIr+WxV8NZxDSwcbNgzdKYsTNInmycOq9bUYwGg9ryu57Wg5NLmCjqdFPNUmpMBo3kSJN9tCbXg==",
            "dev": true,
            "requires": {
                "jsonparse": "^1.2.0",
                "through": ">=2.2.7 <3"
            }
        },
        "acorn": {
            "version": "5.7.1",
            "resolved": "https://registry.npmjs.org/acorn/-/acorn-5.7.1.tgz",
            "integrity": "sha512-d+nbxBUGKg7Arpsvbnlq61mc12ek3EY8EQldM3GPAhWJ1UVxC6TDGbIvUMNU6obBX3i1+ptCIzV4vq0gFPEGVQ==",
            "dev": true
        },
        "async-limiter": {
            "version": "1.0.0",
            "resolved": "https://registry.npmjs.org/async-limiter/-/async-limiter-1.0.0.tgz",
            "integrity": "sha512-jp/uFnooOiO+L211eZOoSyzpOITMXx1rBITauYykG3BRYPu8h0UcxsPNB04RR5vo4Tyz3+ay17tR6JVf9qzYWg=="
        },
        "browser-resolve": {
            "version": "1.11.2",
            "resolved": "https://registry.npmjs.org/browser-resolve/-/browser-resolve-1.11.2.tgz",
            "integrity": "sha1-j/CbCixCFxihBRwmCzLkj0QpOM4=",
            "dev": true,
            "requires": {
                "resolve": "1.1.7"
            },
            "dependencies": {
                "resolve": {
                    "version": "1.1.7",
                    "resolved": "https://registry.npmjs.org/resolve/-/resolve-1.1.7.tgz",
                    "integrity": "sha1-IDEU2CrSxe2ejgQRs5ModeiJ6Xs=",
                    "dev": true
                }
            }
        },
        "buffer-from": {
            "version": "1.1.1",
            "resolved": "https://registry.npmjs.org/buffer-from/-/buffer-from-1.1.1.tgz",
            "integrity": "sha512-MQcXEUbCKtEo7bhqEs6560Hyd4XaovZlO/k9V3hjVUF/zwW7KBVdSK4gIt/bzwS9MbR5qob+F5jusZsb0YQK2A=="
        },
        "cached-path-relative": {
            "version": "1.0.2",
            "resolved": "https://registry.npmjs.org/cached-path-relative/-/cached-path-relative-1.0.2.tgz",
            "integrity": "sha512-5r2GqsoEb4qMTTN9J+WzXfjov+hjxT+j3u5K+kIVNIwAd99DLCJE9pBIMP1qVeybV6JiijL385Oz0DcYxfbOIg==",
            "dev": true
        },
        "concat-stream": {
            "version": "1.6.2",
            "resolved": "https://registry.npmjs.org/concat-stream/-/concat-stream-1.6.2.tgz",
            "integrity": "sha512-27HBghJxjiZtIk3Ycvn/4kbJk/1uZuJFfuPEns6LaEvpvG1f0hTea8lilrouyo9mVc2GWdcEZ8OLoGmSADlrCw==",
            "requires": {
                "buffer-from": "^1.0.0",
                "inherits": "^2.0.3",
                "readable-stream": "^2.2.2",
                "typedarray": "^0.0.6"
            }
        },
        "content-type": {
            "version": "1.0.4",
            "resolved": "https://registry.npmjs.org/content-type/-/content-type-1.0.4.tgz",
            "integrity": "sha512-hIP3EEPs8tB9AT1L+NUqtwOAps4mk2Zob89MWXMHjHWg9milF/j4osnnQLXBCBFBk/tvIG/tUc9mOUJiPBhPXA=="
        },
        "cookies": {
            "version": "0.7.1",
            "resolved": "https://registry.npmjs.org/cookies/-/cookies-0.7.1.tgz",
            "integrity": "sha1-fIphX1SBxhq58WyDNzG8uPZjuZs=",
            "requires": {
                "depd": "~1.1.1",
                "keygrip": "~1.0.2"
            }
        },
        "core-util-is": {
            "version": "1.0.2",
            "resolved": "https://registry.npmjs.org/core-util-is/-/core-util-is-1.0.2.tgz",
            "integrity": "sha1-tf1UIgqivFq1eqtxQMlAdUUDwac="
        },
        "defined": {
            "version": "1.0.0",
            "resolved": "https://registry.npmjs.org/defined/-/defined-1.0.0.tgz",
            "integrity": "sha1-yY2bzvdWdBiOEQlpFRGZ45sfppM=",
            "dev": true
        },
        "depd": {
            "version": "1.1.2",
            "resolved": "https://registry.npmjs.org/depd/-/depd-1.1.2.tgz",
            "integrity": "sha1-m81S4UwJd2PnSbJ0xDRu0uVgtak="
        },
        "detective": {
            "version": "4.7.1",
            "resolved": "https://registry.npmjs.org/detective/-/detective-4.7.1.tgz",
            "integrity": "sha512-H6PmeeUcZloWtdt4DAkFyzFL94arpHr3NOwwmVILFiy+9Qd4JTxxXrzfyGk/lmct2qVGBwTSwSXagqu2BxmWig==",
            "dev": true,
            "requires": {
                "acorn": "^5.2.1",
                "defined": "^1.0.0"
            }
        },
        "duplexer2": {
            "version": "0.1.4",
            "resolved": "https://registry.npmjs.org/duplexer2/-/duplexer2-0.1.4.tgz",
            "integrity": "sha1-ixLauHjA1p4+eJEFFmKjL8a93ME=",
            "dev": true,
            "requires": {
                "readable-stream": "^2.0.2"
            }
        },
        "etag": {
            "version": "1.8.1",
            "resolved": "https://registry.npmjs.org/etag/-/etag-1.8.1.tgz",
            "integrity": "sha1-Qa4u62XvpiJorr/qg6x9eSmbCIc="
        },
        "fd-slicer": {
            "version": "1.0.1",
            "resolved": "https://registry.npmjs.org/fd-slicer/-/fd-slicer-1.0.1.tgz",
            "integrity": "sha1-i1vL2ewyfFBBv5qwI/1nUPEXfmU=",
            "requires": {
                "pend": "~1.2.0"
            }
        },
        "inherits": {
            "version": "2.0.3",
            "resolved": "https://registry.npmjs.org/inherits/-/inherits-2.0.3.tgz",
            "integrity": "sha1-Yzwsg+PaQqUC9SRmAiSA9CCCYd4="
        },
        "isarray": {
            "version": "1.0.0",
            "resolved": "https://registry.npmjs.org/isarray/-/isarray-1.0.0.tgz",
            "integrity": "sha1-u5NdSFgsuhaMBoNJV6VKPgcSTxE="
        },
        "jsonparse": {
            "version": "1.3.1",
            "resolved": "https://registry.npmjs.org/jsonparse/-/jsonparse-1.3.1.tgz",
            "integrity": "sha1-P02uSpH6wxX3EGL4UhzCOfE2YoA=",
            "dev": true
        },
        "keygrip": {
            "version": "1.0.2",
            "resolved": "https://registry.npmjs.org/keygrip/-/keygrip-1.0.2.tgz",
            "integrity": "sha1-rTKXxVcGneqLz+ek+kkbdcXd65E="
        },
        "lru": {
            "version": "3.1.0",
            "resolved": "https://registry.npmjs.org/lru/-/lru-3.1.0.tgz",
            "integrity": "sha1-6n+4VG2DczOWoTCR12z+tMBoN9U=",
            "requires": {
                "inherits": "^2.0.1"
            }
        },
        "minimist": {
            "version": "1.2.0",
            "resolved": "https://registry.npmjs.org/minimist/-/minimist-1.2.0.tgz",
            "integrity": "sha1-o1AIsg9BOD7sH7kU9M1d95omQoQ=",
            "dev": true
        },
        "module-deps": {
            "version": "4.0.8",
            "resolved": "https://registry.npmjs.org/module-deps/-/module-deps-4.0.8.tgz",
            "integrity": "sha1-Vf1wYjOZcGwyiL73pgn/HowO0rs=",
            "dev": true,
            "requires": {
                "JSONStream": "^1.0.3",
                "browser-resolve": "^1.7.0",
                "cached-path-relative": "^1.0.0",
                "concat-stream": "~1.5.0",
                "defined": "^1.0.0",
                "detective": "^4.0.0",
                "duplexer2": "^0.1.2",
                "inherits": "^2.0.1",
                "parents": "^1.0.0",
                "readable-stream": "^2.0.2",
                "resolve": "^1.1.3",
                "stream-combiner2": "^1.1.1",
                "subarg": "^1.0.0",
                "through2": "^2.0.0",
                "xtend": "^4.0.0"
            },
            "dependencies": {
                "concat-stream": {
                    "version": "1.5.2",
                    "resolved": "https://registry.npmjs.org/concat-stream/-/concat-stream-1.5.2.tgz",
                    "integrity": "sha1-cIl4Yk2FavQaWnQd790mHadSwmY=",
                    "dev": true,
                    "requires": {
                        "inherits": "~2.0.1",
                        "readable-stream": "~2.0.0",
                        "typedarray": "~0.0.5"
                    },
                    "dependencies": {
                        "readable-stream": {
                            "version": "2.0.6",
                            "resolved": "https://registry.npmjs.org/readable-stream/-/readable-stream-2.0.6.tgz",
                            "integrity": "sha1-j5A0HmilPMySh4jaz80Rs265t44=",
                            "dev": true,
                            "requires": {
                                "core-util-is": "~1.0.0",
                                "inherits": "~2.0.1",
                                "isarray": "~1.0.0",
                                "process-nextick-args": "~1.0.6",
                                "string_decoder": "~0.10.x",
                                "util-deprecate": "~1.0.1"
                            }
                        }
                    }
                },
                "process-nextick-args": {
                    "version": "1.0.7",
                    "resolved": "https://registry.npmjs.org/process-nextick-args/-/process-nextick-args-1.0.7.tgz",
                    "integrity": "sha1-FQ4gt1ZZCtP5EJPyWk8q2L/zC6M=",
                    "dev": true
                },
                "string_decoder": {
                    "version": "0.10.31",
                    "resolved": "https://registry.npmjs.org/string_decoder/-/string_decoder-0.10.31.tgz",
                    "integrity": "sha1-YuIDvEF2bGwoyfyEMB2rHFMQ+pQ=",
                    "dev": true
                }
            }
        },
        "multiparty": {
            "version": "4.1.3",
            "resolved": "https://registry.npmjs.org/multiparty/-/multiparty-4.1.3.tgz",
            "integrity": "sha1-PEPH/LGJbhdGBDap3Qtu8WaOT5Q=",
            "requires": {
                "fd-slicer": "~1.0.1"
            }
        },
        "os-tmpdir": {
            "version": "1.0.2",
            "resolved": "https://registry.npmjs.org/os-tmpdir/-/os-tmpdir-1.0.2.tgz",
            "integrity": "sha1-u+Z0BseaqFxc/sdm/lc0VV36EnQ="
        },
        "parents": {
            "version": "1.0.1",
            "resolved": "https://registry.npmjs.org/parents/-/parents-1.0.1.tgz",
            "integrity": "sha1-/t1NK/GTp3dF/nHjcdc8MwfZx1E=",
            "dev": true,
            "requires": {
                "path-platform": "~0.11.15"
            }
        },
        "path-parse": {
            "version": "1.0.6",
            "resolved": "https://registry.npmjs.org/path-parse/-/path-parse-1.0.6.tgz",
            "integrity": "sha512-GSmOT2EbHrINBf9SR7CDELwlJ8AENk3Qn7OikK4nFYAu3Ote2+JYNVvkpAEQm3/TLNEJFD/xZJjzyxg3KBWOzw==",
            "dev": true
        },
        "path-platform": {
            "version": "0.11.15",
            "resolved": "https://registry.npmjs.org/path-platform/-/path-platform-0.11.15.tgz",
            "integrity": "sha1-6GQhf3TDaFDwhSt43Hv31KVyG/I=",
            "dev": true
        },
        "pend": {
            "version": "1.2.0",
            "resolved": "https://registry.npmjs.org/pend/-/pend-1.2.0.tgz",
            "integrity": "sha1-elfrVQpng/kRUzH89GY9XI4AelA="
        },
        "process-nextick-args": {
            "version": "2.0.0",
            "resolved": "https://registry.npmjs.org/process-nextick-args/-/process-nextick-args-2.0.0.tgz",
            "integrity": "sha512-MtEC1TqN0EU5nephaJ4rAtThHtC86dNN9qCuEhtshvpVBkAW5ZO7BASN9REnF9eoXGcRub+pFuKEpOHE+HbEMw=="
        },
        "punycode": {
            "version": "1.3.2",
            "resolved": "https://registry.npmjs.org/punycode/-/punycode-1.3.2.tgz",
            "integrity": "sha1-llOgNvt8HuQjQvIyXM7v6jkmxI0="
        },
        "qs": {
            "version": "6.5.1",
            "resolved": "https://registry.npmjs.org/qs/-/qs-6.5.1.tgz",
            "integrity": "sha512-eRzhrN1WSINYCDCbrz796z37LOe3m5tmW7RQf6oBntukAG1nmovJvhnwHHRMAfeoItc1m2Hk02WER2aQ/iqs+A=="
        },
        "querystring": {
            "version": "0.2.0",
            "resolved": "https://registry.npmjs.org/querystring/-/querystring-0.2.0.tgz",
            "integrity": "sha1-sgmEkgO7Jd+CDadW50cAWHhSFiA="
        },
        "random-bytes": {
            "version": "1.0.0",
            "resolved": "https://registry.npmjs.org/random-bytes/-/random-bytes-1.0.0.tgz",
            "integrity": "sha1-T2ih3Arli9P7lYSMMDJNt11kNgs="
        },
        "readable-stream": {
            "version": "2.3.6",
            "resolved": "https://registry.npmjs.org/readable-stream/-/readable-stream-2.3.6.tgz",
            "integrity": "sha512-tQtKA9WIAhBF3+VLAseyMqZeBjW0AHJoxOtYqSUZNJxauErmLbVm2FW1y+J/YA9dUrAC39ITejlZWhVIwawkKw==",
            "requires": {
                "core-util-is": "~1.0.0",
                "inherits": "~2.0.3",
                "isarray": "~1.0.0",
                "process-nextick-args": "~2.0.0",
                "safe-buffer": "~5.1.1",
                "string_decoder": "~1.1.1",
                "util-deprecate": "~1.0.1"
            }
        },
        "resolve": {
            "version": "1.3.3",
            "resolved": "https://registry.npmjs.org/resolve/-/resolve-1.3.3.tgz",
            "integrity": "sha1-ZVkHw0aahoDcLeOidaj91paR8OU=",
            "dev": true,
            "requires": {
                "path-parse": "^1.0.5"
            }
        },
        "safe-buffer": {
            "version": "5.1.2",
            "resolved": "https://registry.npmjs.org/safe-buffer/-/safe-buffer-5.1.2.tgz",
            "integrity": "sha512-Gd2UZBJDkXlY7GbJxfsE8/nvKkUEU1G38c1siN6QP6a9PT9MmHB8GnpscSmMJSoF8LOIrt8ud/wPtojys4G6+g=="
        },
        "scmp": {
            "version": "0.0.3",
            "resolved": "https://registry.npmjs.org/scmp/-/scmp-0.0.3.tgz",
            "integrity": "sha1-NkjfLXKUZB5/eGc//CloHZutkHM="
        },
        "simple-encryptor": {
            "version": "1.2.0",
            "resolved": "https://registry.npmjs.org/simple-encryptor/-/simple-encryptor-1.2.0.tgz",
            "integrity": "sha512-RZv50jILXa5VE2Mw2vkQXeYqvPUgv+IJXnn4VGaiX5+01zjqAozgYsqgwq0TmsGINk7+MdNrcsY/W1GiHrQdnw==",
            "requires": {
                "scmp": "0.0.3"
            }
        },
        "source-map": {
            "version": "0.6.1",
            "resolved": "https://registry.npmjs.org/source-map/-/source-map-0.6.1.tgz",
            "integrity": "sha512-UjgapumWlbMhkBgzT7Ykc5YXUT46F0iKu8SGXq0bcwP5dz/h0Plj6enJqjz1Zbq2l5WaqYnrVbwWOWMyF3F47g==",
            "dev": true
        },
        "source-map-support": {
            "version": "0.5.8",
            "resolved": "https://registry.npmjs.org/source-map-support/-/source-map-support-0.5.8.tgz",
            "integrity": "sha512-WqAEWPdb78u25RfKzOF0swBpY0dKrNdjc4GvLwm7ScX/o9bj8Eh/YL8mcMhBHYDGl87UkkSXDOFnW4G7GhWhGg==",
            "dev": true,
            "requires": {
                "buffer-from": "^1.0.0",
                "source-map": "^0.6.0"
            }
        },
        "stream-combiner2": {
            "version": "1.1.1",
            "resolved": "https://registry.npmjs.org/stream-combiner2/-/stream-combiner2-1.1.1.tgz",
            "integrity": "sha1-+02KFCDqNidk4hrUeAOXvry0HL4=",
            "dev": true,
            "requires": {
                "duplexer2": "~0.1.0",
                "readable-stream": "^2.0.2"
            }
        },
        "string_decoder": {
            "version": "1.1.1",
            "resolved": "https://registry.npmjs.org/string_decoder/-/string_decoder-1.1.1.tgz",
            "integrity": "sha512-n/ShnvDi6FHbbVfviro+WojiFzv+s8MPMHBczVePfUpDJLwoLT0ht1l4YwBCbi8pJAveEEdnkHyPyTP/mzRfwg==",
            "requires": {
                "safe-buffer": "~5.1.0"
            }
        },
        "subarg": {
            "version": "1.0.0",
            "resolved": "https://registry.npmjs.org/subarg/-/subarg-1.0.0.tgz",
            "integrity": "sha1-9izxdYHplrSPyWVpn1TAauJouNI=",
            "dev": true,
            "requires": {
                "minimist": "^1.1.0"
            }
        },
        "through": {
            "version": "2.3.8",
            "resolved": "https://registry.npmjs.org/through/-/through-2.3.8.tgz",
            "integrity": "sha1-DdTJ/6q8NXlgsbckEV1+Doai4fU=",
            "dev": true
        },
        "through2": {
            "version": "2.0.3",
            "resolved": "https://registry.npmjs.org/through2/-/through2-2.0.3.tgz",
            "integrity": "sha1-AARWmzfHx0ujnEPzzteNGtlBQL4=",
            "dev": true,
            "requires": {
                "readable-stream": "^2.1.5",
                "xtend": "~4.0.1"
            }
        },
        "tmp": {
            "version": "0.0.33",
            "resolved": "https://registry.npmjs.org/tmp/-/tmp-0.0.33.tgz",
            "integrity": "sha512-jRCJlojKnZ3addtTOjdIqoRuPEKBvNXcGYqzO6zWZX8KfKEpnGY5jfggJQ3EjKuu8D4bJRr0y+cYJFmYbImXGw==",
            "requires": {
                "os-tmpdir": "~1.0.2"
            }
        },
        "typedarray": {
            "version": "0.0.6",
            "resolved": "https://registry.npmjs.org/typedarray/-/typedarray-0.0.6.tgz",
            "integrity": "sha1-hnrHTjhkGHsdPUfZlqeOxciDB3c="
        },
        "url": {
            "version": "0.11.0",
            "resolved": "https://registry.npmjs.org/url/-/url-0.11.0.tgz",
            "integrity": "sha1-ODjpfPxgUh63PFJajlW/3Z4uKPE=",
            "requires": {
                "punycode": "1.3.2",
                "querystring": "0.2.0"
            }
        },
        "util-deprecate": {
            "version": "1.0.2",
            "resolved": "https://registry.npmjs.org/util-deprecate/-/util-deprecate-1.0.2.tgz",
            "integrity": "sha1-RQ1Nyfpw3nMnYvvS1KKJgUGaDM8="
        },
        "ws": {
            "version": "5.1.1",
            "resolved": "https://registry.npmjs.org/ws/-/ws-5.1.1.tgz",
            "integrity": "sha512-bOusvpCb09TOBLbpMKszd45WKC2KPtxiyiHanv+H2DE3Az+1db5a/L7sVJZVDPUC1Br8f0SKRr1KjLpD1U/IAw==",
            "requires": {
                "async-limiter": "~1.0.0"
            }
        },
        "xtend": {
            "version": "4.0.1",
            "resolved": "https://registry.npmjs.org/xtend/-/xtend-4.0.1.tgz",
            "integrity": "sha1-pcbVMr5lbiPbgg77lDofBJmNY68=",
            "dev": true
        }
    }
}
